
Microsoft Visual Studio Solution File, Format Version 12.00
# Visual Studio Version 16
VisualStudioVersion = 16.0.29519.87
MinimumVisualStudioVersion = 10.0.40219.1
Project("{FAE04EC0-301F-11D3-BF4B-00C04F79EFBC}") = "Musicalog", "Musicalog\Musicalog.csproj", "{FC16C5A7-A22B-402B-A7D7-42E8A4D92559}"
EndProject
Global
	GlobalSection(SolutionConfigurationPlatforms) = preSolution
		Debug|Any CPU = Debug|Any CPU
		Release|Any CPU = Release|Any CPU
	EndGlobalSection
	GlobalSection(ProjectConfigurationPlatforms) = postSolution
		{FC16C5A7-A22B-402B-A7D7-42E8A4D92559}.Debug|Any CPU.ActiveCfg = Debug|Any CPU
		{FC16C5A7-A22B-402B-A7D7-42E8A4D92559}.Debug|Any CPU.Build.0 = Debug|Any CPU
		{FC16C5A7-A22B-402B-A7D7-42E8A4D92559}.Release|Any CPU.ActiveCfg = Release|Any CPU
		{FC16C5A7-A22B-402B-A7D7-42E8A4D92559}.Release|Any CPU.Build.0 = Release|Any CPU
	EndGlobalSection
	GlobalSection(SolutionProperties) = preSolution
		HideSolutionNode = FALSE
	EndGlobalSection
	GlobalSection(ExtensibilityGlobals) = postSolution
		SolutionGuid = {06931CFD-011A-4A63-950F-8935D709E921}
	EndGlobalSection
EndGlobal
